
Microsoft Visual Studio Solution File, Format Version 12.00
# Visual Studio Version 17
VisualStudioVersion = 17.2.32630.192
MinimumVisualStudioVersion = 10.0.40219.1
Project("{9A19103F-16F7-4668-BE54-9A1E7A4F7556}") = "Vega.HomeControl.Api", "Vega.HomeControl.Api\Vega.HomeControl.Api.csproj", "{2B6F1FBA-4EAD-4061-A981-5DEB7542B5F1}"
EndProject
Project("{FAE04EC0-301F-11D3-BF4B-00C04F79EFBC}") = "Vega.HomeControl.App", "Vega.HomeControl.App\Vega.HomeControl.App.csproj", "{027FFC30-5185-4CB2-BE86-90A818DD2C65}"
EndProject
Project("{FAE04EC0-301F-11D3-BF4B-00C04F79EFBC}") = "Vega.HomeControl.Engine", "Vega.HomeControl.Engine\Vega.HomeControl.Engine.csproj", "{A6FE603B-73FB-4994-9C76-7703F8557EAC}"
EndProject
Project("{FAE04EC0-301F-11D3-BF4B-00C04F79EFBC}") = "Vega.HomeControl.Components", "Vega.HomeControl.Components\Vega.HomeControl.Components.csproj", "{15A3F1C5-B104-413D-9D6C-D653C7739FC0}"
EndProject
Global
	GlobalSection(SolutionConfigurationPlatforms) = preSolution
		Debug|Any CPU = Debug|Any CPU
		Release|Any CPU = Release|Any CPU
	EndGlobalSection
	GlobalSection(ProjectConfigurationPlatforms) = postSolution
		{2B6F1FBA-4EAD-4061-A981-5DEB7542B5F1}.Debug|Any CPU.ActiveCfg = Debug|Any CPU
		{2B6F1FBA-4EAD-4061-A981-5DEB7542B5F1}.Debug|Any CPU.Build.0 = Debug|Any CPU
		{2B6F1FBA-4EAD-4061-A981-5DEB7542B5F1}.Release|Any CPU.ActiveCfg = Release|Any CPU
		{2B6F1FBA-4EAD-4061-A981-5DEB7542B5F1}.Release|Any CPU.Build.0 = Release|Any CPU
		{027FFC30-5185-4CB2-BE86-90A818DD2C65}.Debug|Any CPU.ActiveCfg = Debug|Any CPU
		{027FFC30-5185-4CB2-BE86-90A818DD2C65}.Debug|Any CPU.Build.0 = Debug|Any CPU
		{027FFC30-5185-4CB2-BE86-90A818DD2C65}.Release|Any CPU.ActiveCfg = Release|Any CPU
		{027FFC30-5185-4CB2-BE86-90A818DD2C65}.Release|Any CPU.Build.0 = Release|Any CPU
		{A6FE603B-73FB-4994-9C76-7703F8557EAC}.Debug|Any CPU.ActiveCfg = Debug|Any CPU
		{A6FE603B-73FB-4994-9C76-7703F8557EAC}.Debug|Any CPU.Build.0 = Debug|Any CPU
		{A6FE603B-73FB-4994-9C76-7703F8557EAC}.Release|Any CPU.ActiveCfg = Release|Any CPU
		{A6FE603B-73FB-4994-9C76-7703F8557EAC}.Release|Any CPU.Build.0 = Release|Any CPU
		{15A3F1C5-B104-413D-9D6C-D653C7739FC0}.Debug|Any CPU.ActiveCfg = Debug|Any CPU
		{15A3F1C5-B104-413D-9D6C-D653C7739FC0}.Debug|Any CPU.Build.0 = Debug|Any CPU
		{15A3F1C5-B104-413D-9D6C-D653C7739FC0}.Release|Any CPU.ActiveCfg = Release|Any CPU
		{15A3F1C5-B104-413D-9D6C-D653C7739FC0}.Release|Any CPU.Build.0 = Release|Any CPU
	EndGlobalSection
	GlobalSection(SolutionProperties) = preSolution
		HideSolutionNode = FALSE
	EndGlobalSection
	GlobalSection(ExtensibilityGlobals) = postSolution
		SolutionGuid = {65E6BF2A-7FBE-4826-A45E-30852AA09ED8}
	EndGlobalSection
EndGlobal
